
Microsoft Visual Studio Solution File, Format Version 12.00
# Visual Studio Version 17
VisualStudioVersion = 17.7.34221.43
MinimumVisualStudioVersion = 10.0.40219.1
Project("{FAE04EC0-301F-11D3-BF4B-00C04F79EFBC}") = "ConsoleAppArrayList", "ConsoleAppArrayList\ConsoleAppArrayList.csproj", "{4518E4ED-86A0-4298-9F5F-74FE83EEB3E2}"
EndProject
Global
	GlobalSection(SolutionConfigurationPlatforms) = preSolution
		Debug|Any CPU = Debug|Any CPU
		Release|Any CPU = Release|Any CPU
	EndGlobalSection
	GlobalSection(ProjectConfigurationPlatforms) = postSolution
		{4518E4ED-86A0-4298-9F5F-74FE83EEB3E2}.Debug|Any CPU.ActiveCfg = Debug|Any CPU
		{4518E4ED-86A0-4298-9F5F-74FE83EEB3E2}.Debug|Any CPU.Build.0 = Debug|Any CPU
		{4518E4ED-86A0-4298-9F5F-74FE83EEB3E2}.Release|Any CPU.ActiveCfg = Release|Any CPU
		{4518E4ED-86A0-4298-9F5F-74FE83EEB3E2}.Release|Any CPU.Build.0 = Release|Any CPU
	EndGlobalSection
	GlobalSection(SolutionProperties) = preSolution
		HideSolutionNode = FALSE
	EndGlobalSection
	GlobalSection(ExtensibilityGlobals) = postSolution
		SolutionGuid = {F8836CF0-4E97-4F70-BB7A-8DF11F62EEE0}
	EndGlobalSection
EndGlobal
